{
    "_readme": [
        "This file locks the dependencies of your project to a known state",
        "Read more about it at https://getcomposer.org/doc/01-basic-usage.md#composer-lock-the-lock-file",
        "This file is @generated automatically"
    ],
    "hash": "25d9b7cf0dbb208875736a2e001da721",
    "content-hash": "9b5742381a12c03cf2a72017409a269d",
    "packages": [
        {
            "name": "appliga/customer",
            "version": "dev-master",
            "source": {
                "type": "git",
                "url": "https://github.com/appliga/customer.git",
                "reference": "730ce0320ef607cac5cd7682c8b6b15af1aa5b71"
            },
            "dist": {
                "type": "zip",
                "url": "https://api.github.com/repos/appliga/customer/zipball/730ce0320ef607cac5cd7682c8b6b15af1aa5b71",
                "reference": "730ce0320ef607cac5cd7682c8b6b15af1aa5b71",
                "shasum": ""
            },
            "require-dev": {
                "phpspec/phpspec": "^2.5"
            },
            "type": "library",
            "autoload": {
                "psr-4": {
                    "Appliga\\Customer\\": "src/"
                }
            },
            "notification-url": "https://packagist.org/downloads/",
            "license": [
                "MIT"
            ],
            "authors": [
                {
                    "name": "Pawel Brzoski",
                    "email": "brzoski.pawel@gmail.com"
                }
            ],
            "homepage": "https://github.com/appliga/customer",
            "keywords": [
                "customer"
            ],
            "time": "2016-11-05 17:41:34"
        }
    ],
    "packages-dev": [],
    "aliases": [],
    "minimum-stability": "stable",
    "stability-flags": {
        "appliga/customer": 20
    },
    "prefer-stable": false,
    "prefer-lowest": false,
    "platform": [],
    "platform-dev": []
}
